
Microsoft Visual Studio Solution File, Format Version 12.00
# Visual Studio Version 17
VisualStudioVersion = 17.0.31903.59
MinimumVisualStudioVersion = 10.0.40219.1
Project("{2150E333-8FDC-42A3-9474-1A3956D46DE8}") = "src", "src", "{827E0CD3-B72D-47B6-A68D-7590B98EB39B}"
EndProject
Project("{2150E333-8FDC-42A3-9474-1A3956D46DE8}") = "BuildingBlocks", "BuildingBlocks", "{90298CBA-BD6F-3A0A-69D5-97CAD7B05E7E}"
EndProject
Project("{FAE04EC0-301F-11D3-BF4B-00C04F79EFBC}") = "SharedKernel.Domain", "src\BuildingBlocks\SharedKernel.Domain\SharedKernel.Domain.csproj", "{F1F25C7B-5A75-40F5-984E-B0BD38D7FF81}"
EndProject
Project("{FAE04EC0-301F-11D3-BF4B-00C04F79EFBC}") = "SharedKernel.Application", "src\BuildingBlocks\SharedKernel.Application\SharedKernel.Application.csproj", "{9238C19E-70C7-494A-A59C-AB8B18CFAC0E}"
EndProject
Project("{2150E333-8FDC-42A3-9474-1A3956D46DE8}") = "Modules", "Modules", "{EC447DCF-ABFA-6E24-52A5-D7FD48A5C558}"
EndProject
Project("{2150E333-8FDC-42A3-9474-1A3956D46DE8}") = "Auth", "Auth", "{E9D55F35-C373-3DD8-6914-3213F2F582A2}"
EndProject
Project("{FAE04EC0-301F-11D3-BF4B-00C04F79EFBC}") = "Auth.Domain", "src\Modules\Auth\Auth.Domain\Auth.Domain.csproj", "{09FF4FD6-95C4-40DE-9F0D-BC6317056BC2}"
EndProject
Project("{FAE04EC0-301F-11D3-BF4B-00C04F79EFBC}") = "Auth.Application", "src\Modules\Auth\Auth.Application\Auth.Application.csproj", "{96451103-CF93-4E4B-8330-4A4B152E943D}"
EndProject
Project("{FAE04EC0-301F-11D3-BF4B-00C04F79EFBC}") = "Auth.Infrastructure", "src\Modules\Auth\Auth.Infrastructure\Auth.Infrastructure.csproj", "{662F8BF8-F2DD-4E92-AB50-971933D0B307}"
EndProject
Project("{FAE04EC0-301F-11D3-BF4B-00C04F79EFBC}") = "Auth.API", "src\Modules\Auth\Auth.API\Auth.API.csproj", "{364AB19D-4BDC-4EDC-BD09-170A15A38D45}"
EndProject
Project("{2150E333-8FDC-42A3-9474-1A3956D46DE8}") = "Web", "Web", "{03997797-E7F5-0643-168D-B8EA7178C2FE}"
EndProject
Project("{FAE04EC0-301F-11D3-BF4B-00C04F79EFBC}") = "ERP.Blazor", "src\Web\ERP.Blazor\ERP.Blazor.csproj", "{16C415FC-498F-4D61-9621-01A94F61F322}"
EndProject
Project("{2150E333-8FDC-42A3-9474-1A3956D46DE8}") = "Host", "Host", "{981C2CF6-E5BB-602A-511C-234B538302B0}"
EndProject
Project("{FAE04EC0-301F-11D3-BF4B-00C04F79EFBC}") = "ERP.ServiceDefaults", "src\Host\ERP.ServiceDefaults\ERP.ServiceDefaults.csproj", "{CC85CACE-5F31-4EDD-9B90-4F911917E4FF}"
EndProject
Project("{FAE04EC0-301F-11D3-BF4B-00C04F79EFBC}") = "ERP.AppHost", "src\Host\ERP.AppHost\ERP.AppHost.csproj", "{2C444EC4-87C5-4654-BEA9-A506E954EFE0}"
EndProject
Global
	GlobalSection(SolutionConfigurationPlatforms) = preSolution
		Debug|Any CPU = Debug|Any CPU
		Debug|x64 = Debug|x64
		Debug|x86 = Debug|x86
		Release|Any CPU = Release|Any CPU
		Release|x64 = Release|x64
		Release|x86 = Release|x86
	EndGlobalSection
	GlobalSection(ProjectConfigurationPlatforms) = postSolution
		{F1F25C7B-5A75-40F5-984E-B0BD38D7FF81}.Debug|Any CPU.ActiveCfg = Debug|Any CPU
		{F1F25C7B-5A75-40F5-984E-B0BD38D7FF81}.Debug|Any CPU.Build.0 = Debug|Any CPU
		{F1F25C7B-5A75-40F5-984E-B0BD38D7FF81}.Debug|x64.ActiveCfg = Debug|Any CPU
		{F1F25C7B-5A75-40F5-984E-B0BD38D7FF81}.Debug|x64.Build.0 = Debug|Any CPU
		{F1F25C7B-5A75-40F5-984E-B0BD38D7FF81}.Debug|x86.ActiveCfg = Debug|Any CPU
		{F1F25C7B-5A75-40F5-984E-B0BD38D7FF81}.Debug|x86.Build.0 = Debug|Any CPU
		{F1F25C7B-5A75-40F5-984E-B0BD38D7FF81}.Release|Any CPU.ActiveCfg = Release|Any CPU
		{F1F25C7B-5A75-40F5-984E-B0BD38D7FF81}.Release|Any CPU.Build.0 = Release|Any CPU
		{F1F25C7B-5A75-40F5-984E-B0BD38D7FF81}.Release|x64.ActiveCfg = Release|Any CPU
		{F1F25C7B-5A75-40F5-984E-B0BD38D7FF81}.Release|x64.Build.0 = Release|Any CPU
		{F1F25C7B-5A75-40F5-984E-B0BD38D7FF81}.Release|x86.ActiveCfg = Release|Any CPU
		{F1F25C7B-5A75-40F5-984E-B0BD38D7FF81}.Release|x86.Build.0 = Release|Any CPU
		{9238C19E-70C7-494A-A59C-AB8B18CFAC0E}.Debug|Any CPU.ActiveCfg = Debug|Any CPU
		{9238C19E-70C7-494A-A59C-AB8B18CFAC0E}.Debug|Any CPU.Build.0 = Debug|Any CPU
		{9238C19E-70C7-494A-A59C-AB8B18CFAC0E}.Debug|x64.ActiveCfg = Debug|Any CPU
		{9238C19E-70C7-494A-A59C-AB8B18CFAC0E}.Debug|x64.Build.0 = Debug|Any CPU
		{9238C19E-70C7-494A-A59C-AB8B18CFAC0E}.Debug|x86.ActiveCfg = Debug|Any CPU
		{9238C19E-70C7-494A-A59C-AB8B18CFAC0E}.Debug|x86.Build.0 = Debug|Any CPU
		{9238C19E-70C7-494A-A59C-AB8B18CFAC0E}.Release|Any CPU.ActiveCfg = Release|Any CPU
		{9238C19E-70C7-494A-A59C-AB8B18CFAC0E}.Release|Any CPU.Build.0 = Release|Any CPU
		{9238C19E-70C7-494A-A59C-AB8B18CFAC0E}.Release|x64.ActiveCfg = Release|Any CPU
		{9238C19E-70C7-494A-A59C-AB8B18CFAC0E}.Release|x64.Build.0 = Release|Any CPU
		{9238C19E-70C7-494A-A59C-AB8B18CFAC0E}.Release|x86.ActiveCfg = Release|Any CPU
		{9238C19E-70C7-494A-A59C-AB8B18CFAC0E}.Release|x86.Build.0 = Release|Any CPU
		{09FF4FD6-95C4-40DE-9F0D-BC6317056BC2}.Debug|Any CPU.ActiveCfg = Debug|Any CPU
		{09FF4FD6-95C4-40DE-9F0D-BC6317056BC2}.Debug|Any CPU.Build.0 = Debug|Any CPU
		{09FF4FD6-95C4-40DE-9F0D-BC6317056BC2}.Debug|x64.ActiveCfg = Debug|Any CPU
		{09FF4FD6-95C4-40DE-9F0D-BC6317056BC2}.Debug|x64.Build.0 = Debug|Any CPU
		{09FF4FD6-95C4-40DE-9F0D-BC6317056BC2}.Debug|x86.ActiveCfg = Debug|Any CPU
		{09FF4FD6-95C4-40DE-9F0D-BC6317056BC2}.Debug|x86.Build.0 = Debug|Any CPU
		{09FF4FD6-95C4-40DE-9F0D-BC6317056BC2}.Release|Any CPU.ActiveCfg = Release|Any CPU
		{09FF4FD6-95C4-40DE-9F0D-BC6317056BC2}.Release|Any CPU.Build.0 = Release|Any CPU
		{09FF4FD6-95C4-40DE-9F0D-BC6317056BC2}.Release|x64.ActiveCfg = Release|Any CPU
		{09FF4FD6-95C4-40DE-9F0D-BC6317056BC2}.Release|x64.Build.0 = Release|Any CPU
		{09FF4FD6-95C4-40DE-9F0D-BC6317056BC2}.Release|x86.ActiveCfg = Release|Any CPU
		{09FF4FD6-95C4-40DE-9F0D-BC6317056BC2}.Release|x86.Build.0 = Release|Any CPU
		{96451103-CF93-4E4B-8330-4A4B152E943D}.Debug|Any CPU.ActiveCfg = Debug|Any CPU
		{96451103-CF93-4E4B-8330-4A4B152E943D}.Debug|Any CPU.Build.0 = Debug|Any CPU
		{96451103-CF93-4E4B-8330-4A4B152E943D}.Debug|x64.ActiveCfg = Debug|Any CPU
		{96451103-CF93-4E4B-8330-4A4B152E943D}.Debug|x64.Build.0 = Debug|Any CPU
		{96451103-CF93-4E4B-8330-4A4B152E943D}.Debug|x86.ActiveCfg = Debug|Any CPU
		{96451103-CF93-4E4B-8330-4A4B152E943D}.Debug|x86.Build.0 = Debug|Any CPU
		{96451103-CF93-4E4B-8330-4A4B152E943D}.Release|Any CPU.ActiveCfg = Release|Any CPU
		{96451103-CF93-4E4B-8330-4A4B152E943D}.Release|Any CPU.Build.0 = Release|Any CPU
		{96451103-CF93-4E4B-8330-4A4B152E943D}.Release|x64.ActiveCfg = Release|Any CPU
		{96451103-CF93-4E4B-8330-4A4B152E943D}.Release|x64.Build.0 = Release|Any CPU
		{96451103-CF93-4E4B-8330-4A4B152E943D}.Release|x86.ActiveCfg = Release|Any CPU
		{96451103-CF93-4E4B-8330-4A4B152E943D}.Release|x86.Build.0 = Release|Any CPU
		{662F8BF8-F2DD-4E92-AB50-971933D0B307}.Debug|Any CPU.ActiveCfg = Debug|Any CPU
		{662F8BF8-F2DD-4E92-AB50-971933D0B307}.Debug|Any CPU.Build.0 = Debug|Any CPU
		{662F8BF8-F2DD-4E92-AB50-971933D0B307}.Debug|x64.ActiveCfg = Debug|Any CPU
		{662F8BF8-F2DD-4E92-AB50-971933D0B307}.Debug|x64.Build.0 = Debug|Any CPU
		{662F8BF8-F2DD-4E92-AB50-971933D0B307}.Debug|x86.ActiveCfg = Debug|Any CPU
		{662F8BF8-F2DD-4E92-AB50-971933D0B307}.Debug|x86.Build.0 = Debug|Any CPU
		{662F8BF8-F2DD-4E92-AB50-971933D0B307}.Release|Any CPU.ActiveCfg = Release|Any CPU
		{662F8BF8-F2DD-4E92-AB50-971933D0B307}.Release|Any CPU.Build.0 = Release|Any CPU
		{662F8BF8-F2DD-4E92-AB50-971933D0B307}.Release|x64.ActiveCfg = Release|Any CPU
		{662F8BF8-F2DD-4E92-AB50-971933D0B307}.Release|x64.Build.0 = Release|Any CPU
		{662F8BF8-F2DD-4E92-AB50-971933D0B307}.Release|x86.ActiveCfg = Release|Any CPU
		{662F8BF8-F2DD-4E92-AB50-971933D0B307}.Release|x86.Build.0 = Release|Any CPU
		{364AB19D-4BDC-4EDC-BD09-170A15A38D45}.Debug|Any CPU.ActiveCfg = Debug|Any CPU
		{364AB19D-4BDC-4EDC-BD09-170A15A38D45}.Debug|Any CPU.Build.0 = Debug|Any CPU
		{364AB19D-4BDC-4EDC-BD09-170A15A38D45}.Debug|x64.ActiveCfg = Debug|Any CPU
		{364AB19D-4BDC-4EDC-BD09-170A15A38D45}.Debug|x64.Build.0 = Debug|Any CPU
		{364AB19D-4BDC-4EDC-BD09-170A15A38D45}.Debug|x86.ActiveCfg = Debug|Any CPU
		{364AB19D-4BDC-4EDC-BD09-170A15A38D45}.Debug|x86.Build.0 = Debug|Any CPU
		{364AB19D-4BDC-4EDC-BD09-170A15A38D45}.Release|Any CPU.ActiveCfg = Release|Any CPU
		{364AB19D-4BDC-4EDC-BD09-170A15A38D45}.Release|Any CPU.Build.0 = Release|Any CPU
		{364AB19D-4BDC-4EDC-BD09-170A15A38D45}.Release|x64.ActiveCfg = Release|Any CPU
		{364AB19D-4BDC-4EDC-BD09-170A15A38D45}.Release|x64.Build.0 = Release|Any CPU
		{364AB19D-4BDC-4EDC-BD09-170A15A38D45}.Release|x86.ActiveCfg = Release|Any CPU
		{364AB19D-4BDC-4EDC-BD09-170A15A38D45}.Release|x86.Build.0 = Release|Any CPU
		{16C415FC-498F-4D61-9621-01A94F61F322}.Debug|Any CPU.ActiveCfg = Debug|Any CPU
		{16C415FC-498F-4D61-9621-01A94F61F322}.Debug|Any CPU.Build.0 = Debug|Any CPU
		{16C415FC-498F-4D61-9621-01A94F61F322}.Debug|x64.ActiveCfg = Debug|Any CPU
		{16C415FC-498F-4D61-9621-01A94F61F322}.Debug|x64.Build.0 = Debug|Any CPU
		{16C415FC-498F-4D61-9621-01A94F61F322}.Debug|x86.ActiveCfg = Debug|Any CPU
		{16C415FC-498F-4D61-9621-01A94F61F322}.Debug|x86.Build.0 = Debug|Any CPU
		{16C415FC-498F-4D61-9621-01A94F61F322}.Release|Any CPU.ActiveCfg = Release|Any CPU
		{16C415FC-498F-4D61-9621-01A94F61F322}.Release|Any CPU.Build.0 = Release|Any CPU
		{16C415FC-498F-4D61-9621-01A94F61F322}.Release|x64.ActiveCfg = Release|Any CPU
		{16C415FC-498F-4D61-9621-01A94F61F322}.Release|x64.Build.0 = Release|Any CPU
		{16C415FC-498F-4D61-9621-01A94F61F322}.Release|x86.ActiveCfg = Release|Any CPU
		{16C415FC-498F-4D61-9621-01A94F61F322}.Release|x86.Build.0 = Release|Any CPU
		{CC85CACE-5F31-4EDD-9B90-4F911917E4FF}.Debug|Any CPU.ActiveCfg = Debug|Any CPU
		{CC85CACE-5F31-4EDD-9B90-4F911917E4FF}.Debug|Any CPU.Build.0 = Debug|Any CPU
		{CC85CACE-5F31-4EDD-9B90-4F911917E4FF}.Debug|x64.ActiveCfg = Debug|Any CPU
		{CC85CACE-5F31-4EDD-9B90-4F911917E4FF}.Debug|x64.Build.0 = Debug|Any CPU
		{CC85CACE-5F31-4EDD-9B90-4F911917E4FF}.Debug|x86.ActiveCfg = Debug|Any CPU
		{CC85CACE-5F31-4EDD-9B90-4F911917E4FF}.Debug|x86.Build.0 = Debug|Any CPU
		{CC85CACE-5F31-4EDD-9B90-4F911917E4FF}.Release|Any CPU.ActiveCfg = Release|Any CPU
		{CC85CACE-5F31-4EDD-9B90-4F911917E4FF}.Release|Any CPU.Build.0 = Release|Any CPU
		{CC85CACE-5F31-4EDD-9B90-4F911917E4FF}.Release|x64.ActiveCfg = Release|Any CPU
		{CC85CACE-5F31-4EDD-9B90-4F911917E4FF}.Release|x64.Build.0 = Release|Any CPU
		{CC85CACE-5F31-4EDD-9B90-4F911917E4FF}.Release|x86.ActiveCfg = Release|Any CPU
		{CC85CACE-5F31-4EDD-9B90-4F911917E4FF}.Release|x86.Build.0 = Release|Any CPU
		{2C444EC4-87C5-4654-BEA9-A506E954EFE0}.Debug|Any CPU.ActiveCfg = Debug|Any CPU
		{2C444EC4-87C5-4654-BEA9-A506E954EFE0}.Debug|Any CPU.Build.0 = Debug|Any CPU
		{2C444EC4-87C5-4654-BEA9-A506E954EFE0}.Debug|x64.ActiveCfg = Debug|Any CPU
		{2C444EC4-87C5-4654-BEA9-A506E954EFE0}.Debug|x64.Build.0 = Debug|Any CPU
		{2C444EC4-87C5-4654-BEA9-A506E954EFE0}.Debug|x86.ActiveCfg = Debug|Any CPU
		{2C444EC4-87C5-4654-BEA9-A506E954EFE0}.Debug|x86.Build.0 = Debug|Any CPU
		{2C444EC4-87C5-4654-BEA9-A506E954EFE0}.Release|Any CPU.ActiveCfg = Release|Any CPU
		{2C444EC4-87C5-4654-BEA9-A506E954EFE0}.Release|Any CPU.Build.0 = Release|Any CPU
		{2C444EC4-87C5-4654-BEA9-A506E954EFE0}.Release|x64.ActiveCfg = Release|Any CPU
		{2C444EC4-87C5-4654-BEA9-A506E954EFE0}.Release|x64.Build.0 = Release|Any CPU
		{2C444EC4-87C5-4654-BEA9-A506E954EFE0}.Release|x86.ActiveCfg = Release|Any CPU
		{2C444EC4-87C5-4654-BEA9-A506E954EFE0}.Release|x86.Build.0 = Release|Any CPU
	EndGlobalSection
	GlobalSection(SolutionProperties) = preSolution
		HideSolutionNode = FALSE
	EndGlobalSection
	GlobalSection(NestedProjects) = preSolution
		{90298CBA-BD6F-3A0A-69D5-97CAD7B05E7E} = {827E0CD3-B72D-47B6-A68D-7590B98EB39B}
		{F1F25C7B-5A75-40F5-984E-B0BD38D7FF81} = {90298CBA-BD6F-3A0A-69D5-97CAD7B05E7E}
		{9238C19E-70C7-494A-A59C-AB8B18CFAC0E} = {90298CBA-BD6F-3A0A-69D5-97CAD7B05E7E}
		{EC447DCF-ABFA-6E24-52A5-D7FD48A5C558} = {827E0CD3-B72D-47B6-A68D-7590B98EB39B}
		{E9D55F35-C373-3DD8-6914-3213F2F582A2} = {EC447DCF-ABFA-6E24-52A5-D7FD48A5C558}
		{09FF4FD6-95C4-40DE-9F0D-BC6317056BC2} = {E9D55F35-C373-3DD8-6914-3213F2F582A2}
		{96451103-CF93-4E4B-8330-4A4B152E943D} = {E9D55F35-C373-3DD8-6914-3213F2F582A2}
		{662F8BF8-F2DD-4E92-AB50-971933D0B307} = {E9D55F35-C373-3DD8-6914-3213F2F582A2}
		{364AB19D-4BDC-4EDC-BD09-170A15A38D45} = {E9D55F35-C373-3DD8-6914-3213F2F582A2}
		{03997797-E7F5-0643-168D-B8EA7178C2FE} = {827E0CD3-B72D-47B6-A68D-7590B98EB39B}
		{16C415FC-498F-4D61-9621-01A94F61F322} = {03997797-E7F5-0643-168D-B8EA7178C2FE}
		{981C2CF6-E5BB-602A-511C-234B538302B0} = {827E0CD3-B72D-47B6-A68D-7590B98EB39B}
		{CC85CACE-5F31-4EDD-9B90-4F911917E4FF} = {981C2CF6-E5BB-602A-511C-234B538302B0}
		{2C444EC4-87C5-4654-BEA9-A506E954EFE0} = {981C2CF6-E5BB-602A-511C-234B538302B0}
	EndGlobalSection
EndGlobal
